// !$*UTF8*$!
{
	archiveVersion = 1;
	classes = {
	};
	objectVersion = 46;
	objects = {

/* Begin PBXBuildFile section */
		B697A86C13636112001DB713 /* clock-background-active.png in Resources */ = {isa = PBXBuildFile; fileRef = B697A86413636112001DB713 /* clock-background-active.png */; };
		B697A86D13636112001DB713 /* clock-background-active@2x.png in Resources */ = {isa = PBXBuildFile; fileRef = B697A86513636112001DB713 /* clock-background-active@2x.png */; };
		B697A86E13636112001DB713 /* clock-background.png in Resources */ = {isa = PBXBuildFile; fileRef = B697A86613636112001DB713 /* clock-background.png */; };
		B697A86F13636112001DB713 /* clock-background@2x.png in Resources */ = {isa = PBXBuildFile; fileRef = B697A86713636112001DB713 /* clock-background@2x.png */; };
		B697A87013636112001DB713 /* glare.png in Resources */ = {isa = PBXBuildFile; fileRef = B697A86813636112001DB713 /* glare.png */; };
		B697A87113636112001DB713 /* glare@2x.png in Resources */ = {isa = PBXBuildFile; fileRef = B697A86913636112001DB713 /* glare@2x.png */; };
		B697A87213636112001DB713 /* pause.png in Resources */ = {isa = PBXBuildFile; fileRef = B697A86A13636112001DB713 /* pause.png */; };
		B697A87313636112001DB713 /* pause@2x.png in Resources */ = {isa = PBXBuildFile; fileRef = B697A86B13636112001DB713 /* pause@2x.png */; };
		B73DF0321361F3C90060071E /* TimePickerController.m in Sources */ = {isa = PBXBuildFile; fileRef = B73DF0311361F3C90060071E /* TimePickerController.m */; };
		B73DF03613620D930060071E /* ClockTime.m in Sources */ = {isa = PBXBuildFile; fileRef = B73DF03513620D930060071E /* ClockTime.m */; };
		B7888666139917A200CEB427 /* Entitlements.plist in Resources */ = {isa = PBXBuildFile; fileRef = B7888665139917A200CEB427 /* Entitlements.plist */; };
		B788866A13991BFA00CEB427 /* WelcomeViewController.m in Sources */ = {isa = PBXBuildFile; fileRef = B788866813991BFA00CEB427 /* WelcomeViewController.m */; };
		B788866B13991BFA00CEB427 /* WelcomeViewController.xib in Resources */ = {isa = PBXBuildFile; fileRef = B788866913991BFA00CEB427 /* WelcomeViewController.xib */; };
		B79D0D62133CC93B007125A4 /* UIKit.framework in Frameworks */ = {isa = PBXBuildFile; fileRef = B79D0D61133CC93B007125A4 /* UIKit.framework */; };
		B79D0D64133CC93B007125A4 /* Foundation.framework in Frameworks */ = {isa = PBXBuildFile; fileRef = B79D0D63133CC93B007125A4 /* Foundation.framework */; };
		B79D0D66133CC93B007125A4 /* CoreGraphics.framework in Frameworks */ = {isa = PBXBuildFile; fileRef = B79D0D65133CC93B007125A4 /* CoreGraphics.framework */; };
		B79D0D6C133CC93B007125A4 /* InfoPlist.strings in Resources */ = {isa = PBXBuildFile; fileRef = B79D0D6A133CC93B007125A4 /* InfoPlist.strings */; };
		B79D0D6F133CC93B007125A4 /* main.m in Sources */ = {isa = PBXBuildFile; fileRef = B79D0D6E133CC93B007125A4 /* main.m */; };
		B79D0D72133CC93B007125A4 /* ChessClocksAppDelegate.m in Sources */ = {isa = PBXBuildFile; fileRef = B79D0D71133CC93B007125A4 /* ChessClocksAppDelegate.m */; };
		B79D0D75133CC93B007125A4 /* MainWindow.xib in Resources */ = {isa = PBXBuildFile; fileRef = B79D0D73133CC93B007125A4 /* MainWindow.xib */; };
		B79D0D78133CC93B007125A4 /* ChessClocksViewController.m in Sources */ = {isa = PBXBuildFile; fileRef = B79D0D77133CC93B007125A4 /* ChessClocksViewController.m */; };
		B79D0D7B133CC93B007125A4 /* ChessClocksViewController.xib in Resources */ = {isa = PBXBuildFile; fileRef = B79D0D79133CC93B007125A4 /* ChessClocksViewController.xib */; };
		B79D0D83133CCF7E007125A4 /* PlayerClock.m in Sources */ = {isa = PBXBuildFile; fileRef = B79D0D82133CCF7E007125A4 /* PlayerClock.m */; };
		B79D0D8C133D0076007125A4 /* NewGameViewController.m in Sources */ = {isa = PBXBuildFile; fileRef = B79D0D8A133D0076007125A4 /* NewGameViewController.m */; };
		B79D0D8D133D0076007125A4 /* NewGameViewController.xib in Resources */ = {isa = PBXBuildFile; fileRef = B79D0D8B133D0076007125A4 /* NewGameViewController.xib */; };
		B7CEDAAD13995404006D621C /* ATMHud.m in Sources */ = {isa = PBXBuildFile; fileRef = B7CEDAA113995404006D621C /* ATMHud.m */; };
		B7CEDAAE13995404006D621C /* ATMHudQueueItem.m in Sources */ = {isa = PBXBuildFile; fileRef = B7CEDAA413995404006D621C /* ATMHudQueueItem.m */; };
		B7CEDAAF13995404006D621C /* ATMHudView.m in Sources */ = {isa = PBXBuildFile; fileRef = B7CEDAA613995404006D621C /* ATMHudView.m */; };
		B7CEDAB013995404006D621C /* ATMProgressLayer.m in Sources */ = {isa = PBXBuildFile; fileRef = B7CEDAA813995404006D621C /* ATMProgressLayer.m */; };
		B7CEDAB113995404006D621C /* ATMSoundFX.m in Sources */ = {isa = PBXBuildFile; fileRef = B7CEDAAA13995404006D621C /* ATMSoundFX.m */; };
		B7CEDAB213995404006D621C /* ATMTextLayer.m in Sources */ = {isa = PBXBuildFile; fileRef = B7CEDAAC13995404006D621C /* ATMTextLayer.m */; };
		B7CEDAB413995428006D621C /* QuartzCore.framework in Frameworks */ = {isa = PBXBuildFile; fileRef = B7CEDAB313995428006D621C /* QuartzCore.framework */; };
		B7CEDAB613995433006D621C /* AudioToolbox.framework in Frameworks */ = {isa = PBXBuildFile; fileRef = B7CEDAB513995433006D621C /* AudioToolbox.framework */; };
		B7CEDAB9139961C6006D621C /* ChessGame.m in Sources */ = {isa = PBXBuildFile; fileRef = B7CEDAB8139961C6006D621C /* ChessGame.m */; };
/* End PBXBuildFile section */

/* Begin PBXFileReference section */
		B697A86413636112001DB713 /* clock-background-active.png */ = {isa = PBXFileReference; lastKnownFileType = image.png; path = "clock-background-active.png"; sourceTree = "<group>"; };
		B697A86513636112001DB713 /* clock-background-active@2x.png */ = {isa = PBXFileReference; lastKnownFileType = image.png; path = "clock-background-active@2x.png"; sourceTree = "<group>"; };
		B697A86613636112001DB713 /* clock-background.png */ = {isa = PBXFileReference; lastKnownFileType = image.png; path = "clock-background.png"; sourceTree = "<group>"; };
		B697A86713636112001DB713 /* clock-background@2x.png */ = {isa = PBXFileReference; lastKnownFileType = image.png; path = "clock-background@2x.png"; sourceTree = "<group>"; };
		B697A86813636112001DB713 /* glare.png */ = {isa = PBXFileReference; lastKnownFileType = image.png; path = glare.png; sourceTree = "<group>"; };
		B697A86913636112001DB713 /* glare@2x.png */ = {isa = PBXFileReference; lastKnownFileType = image.png; path = "glare@2x.png"; sourceTree = "<group>"; };
		B697A86A13636112001DB713 /* pause.png */ = {isa = PBXFileReference; lastKnownFileType = image.png; path = pause.png; sourceTree = "<group>"; };
		B697A86B13636112001DB713 /* pause@2x.png */ = {isa = PBXFileReference; lastKnownFileType = image.png; path = "pause@2x.png"; sourceTree = "<group>"; };
		B73DF0301361F3C80060071E /* TimePickerController.h */ = {isa = PBXFileReference; fileEncoding = 4; lastKnownFileType = sourcecode.c.h; path = TimePickerController.h; sourceTree = "<group>"; };
		B73DF0311361F3C90060071E /* TimePickerController.m */ = {isa = PBXFileReference; fileEncoding = 4; lastKnownFileType = sourcecode.c.objc; path = TimePickerController.m; sourceTree = "<group>"; };
		B73DF03413620D930060071E /* ClockTime.h */ = {isa = PBXFileReference; fileEncoding = 4; lastKnownFileType = sourcecode.c.h; path = ClockTime.h; sourceTree = "<group>"; };
		B73DF03513620D930060071E /* ClockTime.m */ = {isa = PBXFileReference; fileEncoding = 4; lastKnownFileType = sourcecode.c.objc; path = ClockTime.m; sourceTree = "<group>"; };
		B7888665139917A200CEB427 /* Entitlements.plist */ = {isa = PBXFileReference; fileEncoding = 4; lastKnownFileType = text.plist.xml; path = Entitlements.plist; sourceTree = "<group>"; };
		B788866713991BFA00CEB427 /* WelcomeViewController.h */ = {isa = PBXFileReference; fileEncoding = 4; lastKnownFileType = sourcecode.c.h; path = WelcomeViewController.h; sourceTree = "<group>"; };
		B788866813991BFA00CEB427 /* WelcomeViewController.m */ = {isa = PBXFileReference; fileEncoding = 4; lastKnownFileType = sourcecode.c.objc; path = WelcomeViewController.m; sourceTree = "<group>"; };
		B788866913991BFA00CEB427 /* WelcomeViewController.xib */ = {isa = PBXFileReference; fileEncoding = 4; lastKnownFileType = file.xib; path = WelcomeViewController.xib; sourceTree = "<group>"; };
		B79D0D5D133CC93B007125A4 /* ChessClocks.app */ = {isa = PBXFileReference; explicitFileType = wrapper.application; includeInIndex = 0; path = ChessClocks.app; sourceTree = BUILT_PRODUCTS_DIR; };
		B79D0D61133CC93B007125A4 /* UIKit.framework */ = {isa = PBXFileReference; lastKnownFileType = wrapper.framework; name = UIKit.framework; path = System/Library/Frameworks/UIKit.framework; sourceTree = SDKROOT; };
		B79D0D63133CC93B007125A4 /* Foundation.framework */ = {isa = PBXFileReference; lastKnownFileType = wrapper.framework; name = Foundation.framework; path = System/Library/Frameworks/Foundation.framework; sourceTree = SDKROOT; };
		B79D0D65133CC93B007125A4 /* CoreGraphics.framework */ = {isa = PBXFileReference; lastKnownFileType = wrapper.framework; name = CoreGraphics.framework; path = System/Library/Frameworks/CoreGraphics.framework; sourceTree = SDKROOT; };
		B79D0D69133CC93B007125A4 /* ChessClocks-Info.plist */ = {isa = PBXFileReference; lastKnownFileType = text.plist.xml; path = "ChessClocks-Info.plist"; sourceTree = "<group>"; };
		B79D0D6B133CC93B007125A4 /* en */ = {isa = PBXFileReference; lastKnownFileType = text.plist.strings; name = en; path = en.lproj/InfoPlist.strings; sourceTree = "<group>"; };
		B79D0D6D133CC93B007125A4 /* ChessClocks-Prefix.pch */ = {isa = PBXFileReference; lastKnownFileType = sourcecode.c.h; path = "ChessClocks-Prefix.pch"; sourceTree = "<group>"; };
		B79D0D6E133CC93B007125A4 /* main.m */ = {isa = PBXFileReference; lastKnownFileType = sourcecode.c.objc; path = main.m; sourceTree = "<group>"; };
		B79D0D70133CC93B007125A4 /* ChessClocksAppDelegate.h */ = {isa = PBXFileReference; lastKnownFileType = sourcecode.c.h; path = ChessClocksAppDelegate.h; sourceTree = "<group>"; };
		B79D0D71133CC93B007125A4 /* ChessClocksAppDelegate.m */ = {isa = PBXFileReference; lastKnownFileType = sourcecode.c.objc; path = ChessClocksAppDelegate.m; sourceTree = "<group>"; };
		B79D0D74133CC93B007125A4 /* en */ = {isa = PBXFileReference; lastKnownFileType = file.xib; name = en; path = en.lproj/MainWindow.xib; sourceTree = "<group>"; };
		B79D0D76133CC93B007125A4 /* ChessClocksViewController.h */ = {isa = PBXFileReference; lastKnownFileType = sourcecode.c.h; path = ChessClocksViewController.h; sourceTree = "<group>"; };
		B79D0D77133CC93B007125A4 /* ChessClocksViewController.m */ = {isa = PBXFileReference; lastKnownFileType = sourcecode.c.objc; path = ChessClocksViewController.m; sourceTree = "<group>"; };
		B79D0D7A133CC93B007125A4 /* en */ = {isa = PBXFileReference; lastKnownFileType = file.xib; name = en; path = en.lproj/ChessClocksViewController.xib; sourceTree = "<group>"; };
		B79D0D81133CCF7E007125A4 /* PlayerClock.h */ = {isa = PBXFileReference; fileEncoding = 4; lastKnownFileType = sourcecode.c.h; path = PlayerClock.h; sourceTree = "<group>"; };
		B79D0D82133CCF7E007125A4 /* PlayerClock.m */ = {isa = PBXFileReference; fileEncoding = 4; lastKnownFileType = sourcecode.c.objc; path = PlayerClock.m; sourceTree = "<group>"; };
		B79D0D89133D0076007125A4 /* NewGameViewController.h */ = {isa = PBXFileReference; fileEncoding = 4; lastKnownFileType = sourcecode.c.h; path = NewGameViewController.h; sourceTree = "<group>"; };
		B79D0D8A133D0076007125A4 /* NewGameViewController.m */ = {isa = PBXFileReference; fileEncoding = 4; lastKnownFileType = sourcecode.c.objc; path = NewGameViewController.m; sourceTree = "<group>"; };
		B79D0D8B133D0076007125A4 /* NewGameViewController.xib */ = {isa = PBXFileReference; fileEncoding = 4; lastKnownFileType = file.xib; path = NewGameViewController.xib; sourceTree = "<group>"; };
		B7CEDAA013995404006D621C /* ATMHud.h */ = {isa = PBXFileReference; fileEncoding = 4; lastKnownFileType = sourcecode.c.h; path = ATMHud.h; sourceTree = "<group>"; };
		B7CEDAA113995404006D621C /* ATMHud.m */ = {isa = PBXFileReference; fileEncoding = 4; lastKnownFileType = sourcecode.c.objc; path = ATMHud.m; sourceTree = "<group>"; };
		B7CEDAA213995404006D621C /* ATMHudDelegate.h */ = {isa = PBXFileReference; fileEncoding = 4; lastKnownFileType = sourcecode.c.h; path = ATMHudDelegate.h; sourceTree = "<group>"; };
		B7CEDAA313995404006D621C /* ATMHudQueueItem.h */ = {isa = PBXFileReference; fileEncoding = 4; lastKnownFileType = sourcecode.c.h; path = ATMHudQueueItem.h; sourceTree = "<group>"; };
		B7CEDAA413995404006D621C /* ATMHudQueueItem.m */ = {isa = PBXFileReference; fileEncoding = 4; lastKnownFileType = sourcecode.c.objc; path = ATMHudQueueItem.m; sourceTree = "<group>"; };
		B7CEDAA513995404006D621C /* ATMHudView.h */ = {isa = PBXFileReference; fileEncoding = 4; lastKnownFileType = sourcecode.c.h; path = ATMHudView.h; sourceTree = "<group>"; };
		B7CEDAA613995404006D621C /* ATMHudView.m */ = {isa = PBXFileReference; fileEncoding = 4; lastKnownFileType = sourcecode.c.objc; path = ATMHudView.m; sourceTree = "<group>"; };
		B7CEDAA713995404006D621C /* ATMProgressLayer.h */ = {isa = PBXFileReference; fileEncoding = 4; lastKnownFileType = sourcecode.c.h; path = ATMProgressLayer.h; sourceTree = "<group>"; };
		B7CEDAA813995404006D621C /* ATMProgressLayer.m */ = {isa = PBXFileReference; fileEncoding = 4; lastKnownFileType = sourcecode.c.objc; path = ATMProgressLayer.m; sourceTree = "<group>"; };
		B7CEDAA913995404006D621C /* ATMSoundFX.h */ = {isa = PBXFileReference; fileEncoding = 4; lastKnownFileType = sourcecode.c.h; path = ATMSoundFX.h; sourceTree = "<group>"; };
		B7CEDAAA13995404006D621C /* ATMSoundFX.m */ = {isa = PBXFileReference; fileEncoding = 4; lastKnownFileType = sourcecode.c.objc; path = ATMSoundFX.m; sourceTree = "<group>"; };
		B7CEDAAB13995404006D621C /* ATMTextLayer.h */ = {isa = PBXFileReference; fileEncoding = 4; lastKnownFileType = sourcecode.c.h; path = ATMTextLayer.h; sourceTree = "<group>"; };
		B7CEDAAC13995404006D621C /* ATMTextLayer.m */ = {isa = PBXFileReference; fileEncoding = 4; lastKnownFileType = sourcecode.c.objc; path = ATMTextLayer.m; sourceTree = "<group>"; };
		B7CEDAB313995428006D621C /* QuartzCore.framework */ = {isa = PBXFileReference; lastKnownFileType = wrapper.framework; name = QuartzCore.framework; path = System/Library/Frameworks/QuartzCore.framework; sourceTree = SDKROOT; };
		B7CEDAB513995433006D621C /* AudioToolbox.framework */ = {isa = PBXFileReference; lastKnownFileType = wrapper.framework; name = AudioToolbox.framework; path = System/Library/Frameworks/AudioToolbox.framework; sourceTree = SDKROOT; };
		B7CEDAB7139961C6006D621C /* ChessGame.h */ = {isa = PBXFileReference; fileEncoding = 4; lastKnownFileType = sourcecode.c.h; path = ChessGame.h; sourceTree = "<group>"; };
		B7CEDAB8139961C6006D621C /* ChessGame.m */ = {isa = PBXFileReference; fileEncoding = 4; lastKnownFileType = sourcecode.c.objc; path = ChessGame.m; sourceTree = "<group>"; };
/* End PBXFileReference section */

/* Begin PBXFrameworksBuildPhase section */
		B79D0D5A133CC93B007125A4 /* Frameworks */ = {
			isa = PBXFrameworksBuildPhase;
			buildActionMask = 2147483647;
			files = (
				B7CEDAB613995433006D621C /* AudioToolbox.framework in Frameworks */,
				B7CEDAB413995428006D621C /* QuartzCore.framework in Frameworks */,
				B79D0D62133CC93B007125A4 /* UIKit.framework in Frameworks */,
				B79D0D64133CC93B007125A4 /* Foundation.framework in Frameworks */,
				B79D0D66133CC93B007125A4 /* CoreGraphics.framework in Frameworks */,
			);
			runOnlyForDeploymentPostprocessing = 0;
		};
/* End PBXFrameworksBuildPhase section */

/* Begin PBXGroup section */
		B697A87513636746001DB713 /* Images */ = {
			isa = PBXGroup;
			children = (
				B697A86413636112001DB713 /* clock-background-active.png */,
				B697A86513636112001DB713 /* clock-background-active@2x.png */,
				B697A86613636112001DB713 /* clock-background.png */,
				B697A86713636112001DB713 /* clock-background@2x.png */,
				B697A86813636112001DB713 /* glare.png */,
				B697A86913636112001DB713 /* glare@2x.png */,
				B697A86A13636112001DB713 /* pause.png */,
				B697A86B13636112001DB713 /* pause@2x.png */,
			);
			name = Images;
			sourceTree = "<group>";
		};
		B79D0D52133CC93B007125A4 = {
			isa = PBXGroup;
			children = (
				B7CEDA9F139953E7006D621C /* ATMHud */,
				B79D0D67133CC93B007125A4 /* ChessClocks */,
				B79D0D60133CC93B007125A4 /* Frameworks */,
				B79D0D5E133CC93B007125A4 /* Products */,
			);
			sourceTree = "<group>";
		};
		B79D0D5E133CC93B007125A4 /* Products */ = {
			isa = PBXGroup;
			children = (
				B79D0D5D133CC93B007125A4 /* ChessClocks.app */,
			);
			name = Products;
			sourceTree = "<group>";
		};
		B79D0D60133CC93B007125A4 /* Frameworks */ = {
			isa = PBXGroup;
			children = (
				B7CEDAB513995433006D621C /* AudioToolbox.framework */,
				B7CEDAB313995428006D621C /* QuartzCore.framework */,
				B79D0D61133CC93B007125A4 /* UIKit.framework */,
				B79D0D63133CC93B007125A4 /* Foundation.framework */,
				B79D0D65133CC93B007125A4 /* CoreGraphics.framework */,
			);
			name = Frameworks;
			sourceTree = "<group>";
		};
		B79D0D67133CC93B007125A4 /* ChessClocks */ = {
			isa = PBXGroup;
			children = (
				B697A87513636746001DB713 /* Images */,
				B79D0D68133CC93B007125A4 /* Supporting Files */,
				B79D0D70133CC93B007125A4 /* ChessClocksAppDelegate.h */,
				B79D0D71133CC93B007125A4 /* ChessClocksAppDelegate.m */,
				B79D0D73133CC93B007125A4 /* MainWindow.xib */,
				B79D0D76133CC93B007125A4 /* ChessClocksViewController.h */,
				B79D0D77133CC93B007125A4 /* ChessClocksViewController.m */,
				B79D0D79133CC93B007125A4 /* ChessClocksViewController.xib */,
				B79D0D89133D0076007125A4 /* NewGameViewController.h */,
				B79D0D8A133D0076007125A4 /* NewGameViewController.m */,
				B79D0D8B133D0076007125A4 /* NewGameViewController.xib */,
				B79D0D81133CCF7E007125A4 /* PlayerClock.h */,
				B79D0D82133CCF7E007125A4 /* PlayerClock.m */,
				B73DF0301361F3C80060071E /* TimePickerController.h */,
				B73DF0311361F3C90060071E /* TimePickerController.m */,
				B73DF03413620D930060071E /* ClockTime.h */,
				B73DF03513620D930060071E /* ClockTime.m */,
				B7888665139917A200CEB427 /* Entitlements.plist */,
				B788866713991BFA00CEB427 /* WelcomeViewController.h */,
				B788866813991BFA00CEB427 /* WelcomeViewController.m */,
				B788866913991BFA00CEB427 /* WelcomeViewController.xib */,
				B7CEDAB7139961C6006D621C /* ChessGame.h */,
				B7CEDAB8139961C6006D621C /* ChessGame.m */,
			);
			path = ChessClocks;
			sourceTree = "<group>";
		};
		B79D0D68133CC93B007125A4 /* Supporting Files */ = {
			isa = PBXGroup;
			children = (
				B79D0D69133CC93B007125A4 /* ChessClocks-Info.plist */,
				B79D0D6A133CC93B007125A4 /* InfoPlist.strings */,
				B79D0D6D133CC93B007125A4 /* ChessClocks-Prefix.pch */,
				B79D0D6E133CC93B007125A4 /* main.m */,
			);
			name = "Supporting Files";
			sourceTree = "<group>";
		};
		B7CEDA9F139953E7006D621C /* ATMHud */ = {
			isa = PBXGroup;
			children = (
				B7CEDAA013995404006D621C /* ATMHud.h */,
				B7CEDAA113995404006D621C /* ATMHud.m */,
				B7CEDAA213995404006D621C /* ATMHudDelegate.h */,
				B7CEDAA313995404006D621C /* ATMHudQueueItem.h */,
				B7CEDAA413995404006D621C /* ATMHudQueueItem.m */,
				B7CEDAA513995404006D621C /* ATMHudView.h */,
				B7CEDAA613995404006D621C /* ATMHudView.m */,
				B7CEDAA713995404006D621C /* ATMProgressLayer.h */,
				B7CEDAA813995404006D621C /* ATMProgressLayer.m */,
				B7CEDAA913995404006D621C /* ATMSoundFX.h */,
				B7CEDAAA13995404006D621C /* ATMSoundFX.m */,
				B7CEDAAB13995404006D621C /* ATMTextLayer.h */,
				B7CEDAAC13995404006D621C /* ATMTextLayer.m */,
			);
			path = ATMHud;
			sourceTree = "<group>";
		};
/* End PBXGroup section */

/* Begin PBXNativeTarget section */
		B79D0D5C133CC93B007125A4 /* ChessClocks */ = {
			isa = PBXNativeTarget;
			buildConfigurationList = B79D0D7E133CC93B007125A4 /* Build configuration list for PBXNativeTarget "ChessClocks" */;
			buildPhases = (
				B79D0D59133CC93B007125A4 /* Sources */,
				B79D0D5A133CC93B007125A4 /* Frameworks */,
				B79D0D5B133CC93B007125A4 /* Resources */,
			);
			buildRules = (
			);
			dependencies = (
			);
			name = ChessClocks;
			productName = ChessClocks;
			productReference = B79D0D5D133CC93B007125A4 /* ChessClocks.app */;
			productType = "com.apple.product-type.application";
		};
/* End PBXNativeTarget section */

/* Begin PBXProject section */
		B79D0D54133CC93B007125A4 /* Project object */ = {
			isa = PBXProject;
			attributes = {
				ORGANIZATIONNAME = "Adaloor, Inc.";
			};
			buildConfigurationList = B79D0D57133CC93B007125A4 /* Build configuration list for PBXProject "ChessClocks" */;
			compatibilityVersion = "Xcode 3.2";
			developmentRegion = English;
			hasScannedForEncodings = 0;
			knownRegions = (
				en,
			);
			mainGroup = B79D0D52133CC93B007125A4;
			productRefGroup = B79D0D5E133CC93B007125A4 /* Products */;
			projectDirPath = "";
			projectRoot = "";
			targets = (
				B79D0D5C133CC93B007125A4 /* ChessClocks */,
			);
		};
/* End PBXProject section */

/* Begin PBXResourcesBuildPhase section */
		B79D0D5B133CC93B007125A4 /* Resources */ = {
			isa = PBXResourcesBuildPhase;
			buildActionMask = 2147483647;
			files = (
				B79D0D6C133CC93B007125A4 /* InfoPlist.strings in Resources */,
				B79D0D75133CC93B007125A4 /* MainWindow.xib in Resources */,
				B79D0D7B133CC93B007125A4 /* ChessClocksViewController.xib in Resources */,
				B79D0D8D133D0076007125A4 /* NewGameViewController.xib in Resources */,
				B697A86C13636112001DB713 /* clock-background-active.png in Resources */,
				B697A86D13636112001DB713 /* clock-background-active@2x.png in Resources */,
				B697A86E13636112001DB713 /* clock-background.png in Resources */,
				B697A86F13636112001DB713 /* clock-background@2x.png in Resources */,
				B697A87013636112001DB713 /* glare.png in Resources */,
				B697A87113636112001DB713 /* glare@2x.png in Resources */,
				B697A87213636112001DB713 /* pause.png in Resources */,
				B697A87313636112001DB713 /* pause@2x.png in Resources */,
				B7888666139917A200CEB427 /* Entitlements.plist in Resources */,
				B788866B13991BFA00CEB427 /* WelcomeViewController.xib in Resources */,
			);
			runOnlyForDeploymentPostprocessing = 0;
		};
/* End PBXResourcesBuildPhase section */

/* Begin PBXSourcesBuildPhase section */
		B79D0D59133CC93B007125A4 /* Sources */ = {
			isa = PBXSourcesBuildPhase;
			buildActionMask = 2147483647;
			files = (
				B79D0D6F133CC93B007125A4 /* main.m in Sources */,
				B79D0D72133CC93B007125A4 /* ChessClocksAppDelegate.m in Sources */,
				B79D0D78133CC93B007125A4 /* ChessClocksViewController.m in Sources */,
				B79D0D83133CCF7E007125A4 /* PlayerClock.m in Sources */,
				B79D0D8C133D0076007125A4 /* NewGameViewController.m in Sources */,
				B73DF0321361F3C90060071E /* TimePickerController.m in Sources */,
				B73DF03613620D930060071E /* ClockTime.m in Sources */,
				B788866A13991BFA00CEB427 /* WelcomeViewController.m in Sources */,
				B7CEDAAD13995404006D621C /* ATMHud.m in Sources */,
				B7CEDAAE13995404006D621C /* ATMHudQueueItem.m in Sources */,
				B7CEDAAF13995404006D621C /* ATMHudView.m in Sources */,
				B7CEDAB013995404006D621C /* ATMProgressLayer.m in Sources */,
				B7CEDAB113995404006D621C /* ATMSoundFX.m in Sources */,
				B7CEDAB213995404006D621C /* ATMTextLayer.m in Sources */,
				B7CEDAB9139961C6006D621C /* ChessGame.m in Sources */,
			);
			runOnlyForDeploymentPostprocessing = 0;
		};
/* End PBXSourcesBuildPhase section */

/* Begin PBXVariantGroup section */
		B79D0D6A133CC93B007125A4 /* InfoPlist.strings */ = {
			isa = PBXVariantGroup;
			children = (
				B79D0D6B133CC93B007125A4 /* en */,
			);
			name = InfoPlist.strings;
			sourceTree = "<group>";
		};
		B79D0D73133CC93B007125A4 /* MainWindow.xib */ = {
			isa = PBXVariantGroup;
			children = (
				B79D0D74133CC93B007125A4 /* en */,
			);
			name = MainWindow.xib;
			sourceTree = "<group>";
		};
		B79D0D79133CC93B007125A4 /* ChessClocksViewController.xib */ = {
			isa = PBXVariantGroup;
			children = (
				B79D0D7A133CC93B007125A4 /* en */,
			);
			name = ChessClocksViewController.xib;
			sourceTree = "<group>";
		};
/* End PBXVariantGroup section */

/* Begin XCBuildConfiguration section */
		B78886621399176100CEB427 /* Ad Hoc */ = {
			isa = XCBuildConfiguration;
			buildSettings = {
				ARCHS = "$(ARCHS_STANDARD_32_BIT)";
				"CODE_SIGN_IDENTITY[sdk=iphoneos*]" = "iPhone Developer";
				GCC_C_LANGUAGE_STANDARD = gnu99;
				GCC_VERSION = com.apple.compilers.llvmgcc42;
				GCC_WARN_ABOUT_RETURN_TYPE = YES;
				GCC_WARN_UNUSED_VARIABLE = YES;
				IPHONEOS_DEPLOYMENT_TARGET = 4.3;
				OTHER_CFLAGS = "-DNS_BLOCK_ASSERTIONS=1";
				SDKROOT = iphoneos;
			};
			name = "Ad Hoc";
		};
		B78886631399176100CEB427 /* Ad Hoc */ = {
			isa = XCBuildConfiguration;
			buildSettings = {
				ALWAYS_SEARCH_USER_PATHS = NO;
				CODE_SIGN_ENTITLEMENTS = ChessClocks/Entitlements.plist;
				CODE_SIGN_IDENTITY = "iPhone Developer: Adam Williams (4PNCLQ3UVZ)";
				COPY_PHASE_STRIP = YES;
				GCC_PRECOMPILE_PREFIX_HEADER = YES;
				GCC_PREFIX_HEADER = "ChessClocks/ChessClocks-Prefix.pch";
				INFOPLIST_FILE = "ChessClocks/ChessClocks-Info.plist";
				IPHONEOS_DEPLOYMENT_TARGET = 4.2;
				PRODUCT_NAME = "$(TARGET_NAME)";
				PROVISIONING_PROFILE = "CA4C7B4E-EBA2-4682-9DDD-4D93400C77CC";
				VALIDATE_PRODUCT = YES;
				WRAPPER_EXTENSION = app;
			};
			name = "Ad Hoc";
		};
		B79D0D7C133CC93B007125A4 /* Debug */ = {
			isa = XCBuildConfiguration;
			buildSettings = {
				ARCHS = "$(ARCHS_STANDARD_32_BIT)";
				"CODE_SIGN_IDENTITY[sdk=iphoneos*]" = "iPhone Developer";
				GCC_C_LANGUAGE_STANDARD = gnu99;
				GCC_OPTIMIZATION_LEVEL = 0;
				GCC_PREPROCESSOR_DEFINITIONS = DEBUG;
				GCC_SYMBOLS_PRIVATE_EXTERN = NO;
				GCC_VERSION = com.apple.compilers.llvmgcc42;
				GCC_WARN_ABOUT_RETURN_TYPE = YES;
				GCC_WARN_UNUSED_VARIABLE = YES;
				IPHONEOS_DEPLOYMENT_TARGET = 4.3;
				SDKROOT = iphoneos;
			};
			name = Debug;
		};
		B79D0D7D133CC93B007125A4 /* Release */ = {
			isa = XCBuildConfiguration;
			buildSettings = {
				ARCHS = "$(ARCHS_STANDARD_32_BIT)";
				"CODE_SIGN_IDENTITY[sdk=iphoneos*]" = "iPhone Developer";
				GCC_C_LANGUAGE_STANDARD = gnu99;
				GCC_VERSION = com.apple.compilers.llvmgcc42;
				GCC_WARN_ABOUT_RETURN_TYPE = YES;
				GCC_WARN_UNUSED_VARIABLE = YES;
				IPHONEOS_DEPLOYMENT_TARGET = 4.3;
				OTHER_CFLAGS = "-DNS_BLOCK_ASSERTIONS=1";
				SDKROOT = iphoneos;
			};
			name = Release;
		};
		B79D0D7F133CC93B007125A4 /* Debug */ = {
			isa = XCBuildConfiguration;
			buildSettings = {
				ALWAYS_SEARCH_USER_PATHS = NO;
				CODE_SIGN_ENTITLEMENTS = ChessClocks/Entitlements.plist;
				CODE_SIGN_IDENTITY = "iPhone Developer: Adam Williams (4PNCLQ3UVZ)";
				COPY_PHASE_STRIP = NO;
				GCC_DYNAMIC_NO_PIC = NO;
				GCC_PRECOMPILE_PREFIX_HEADER = YES;
				GCC_PREFIX_HEADER = "ChessClocks/ChessClocks-Prefix.pch";
				INFOPLIST_FILE = "ChessClocks/ChessClocks-Info.plist";
				IPHONEOS_DEPLOYMENT_TARGET = 4.2;
				PRODUCT_NAME = "$(TARGET_NAME)";
				PROVISIONING_PROFILE = "CA4C7B4E-EBA2-4682-9DDD-4D93400C77CC";
				WRAPPER_EXTENSION = app;
			};
			name = Debug;
		};
		B79D0D80133CC93B007125A4 /* Release */ = {
			isa = XCBuildConfiguration;
			buildSettings = {
				ALWAYS_SEARCH_USER_PATHS = NO;
				CODE_SIGN_ENTITLEMENTS = ChessClocks/Entitlements.plist;
				CODE_SIGN_IDENTITY = "iPhone Developer: Adam Williams (4PNCLQ3UVZ)";
				COPY_PHASE_STRIP = YES;
				GCC_PRECOMPILE_PREFIX_HEADER = YES;
				GCC_PREFIX_HEADER = "ChessClocks/ChessClocks-Prefix.pch";
				INFOPLIST_FILE = "ChessClocks/ChessClocks-Info.plist";
				IPHONEOS_DEPLOYMENT_TARGET = 4.2;
				PRODUCT_NAME = "$(TARGET_NAME)";
				PROVISIONING_PROFILE = "CA4C7B4E-EBA2-4682-9DDD-4D93400C77CC";
				VALIDATE_PRODUCT = YES;
				WRAPPER_EXTENSION = app;
			};
			name = Release;
		};
/* End XCBuildConfiguration section */

/* Begin XCConfigurationList section */
		B79D0D57133CC93B007125A4 /* Build configuration list for PBXProject "ChessClocks" */ = {
			isa = XCConfigurationList;
			buildConfigurations = (
				B79D0D7C133CC93B007125A4 /* Debug */,
				B79D0D7D133CC93B007125A4 /* Release */,
				B78886621399176100CEB427 /* Ad Hoc */,
			);
			defaultConfigurationIsVisible = 0;
			defaultConfigurationName = Release;
		};
		B79D0D7E133CC93B007125A4 /* Build configuration list for PBXNativeTarget "ChessClocks" */ = {
			isa = XCConfigurationList;
			buildConfigurations = (
				B79D0D7F133CC93B007125A4 /* Debug */,
				B79D0D80133CC93B007125A4 /* Release */,
				B78886631399176100CEB427 /* Ad Hoc */,
			);
			defaultConfigurationIsVisible = 0;
			defaultConfigurationName = Release;
		};
/* End XCConfigurationList section */
	};
	rootObject = B79D0D54133CC93B007125A4 /* Project object */;
}
